// !$*UTF8*$!
{
	archiveVersion = 1;
	classes = {
	};
	objectVersion = 55;
	objects = {

/* Begin PBXBuildFile section */
		602966B127E01DF400DCCB25 /* PokemonRowView.swift in Sources */ = {isa = PBXBuildFile; fileRef = 602966B027E01DF400DCCB25 /* PokemonRowView.swift */; };
		602966B427E14A0C00DCCB25 /* LocalImageFileManager.swift in Sources */ = {isa = PBXBuildFile; fileRef = 602966B327E14A0C00DCCB25 /* LocalImageFileManager.swift */; };
		602966B727E171B200DCCB25 /* PokemonImageViewModel.swift in Sources */ = {isa = PBXBuildFile; fileRef = 602966B627E171B200DCCB25 /* PokemonImageViewModel.swift */; };
		602966B927E17EE800DCCB25 /* PokemonImageView.swift in Sources */ = {isa = PBXBuildFile; fileRef = 602966B827E17EE800DCCB25 /* PokemonImageView.swift */; };
		602966BB27E2C02C00DCCB25 /* PokemonListView.swift in Sources */ = {isa = PBXBuildFile; fileRef = 602966BA27E2C02C00DCCB25 /* PokemonListView.swift */; };
		602A971527D6F16A00034818 /* PokedexApp.swift in Sources */ = {isa = PBXBuildFile; fileRef = 602A970527D6F16900034818 /* PokedexApp.swift */; };
		602A971627D6F16A00034818 /* PokedexApp.swift in Sources */ = {isa = PBXBuildFile; fileRef = 602A970527D6F16900034818 /* PokedexApp.swift */; };
		602A971727D6F16A00034818 /* ContentView.swift in Sources */ = {isa = PBXBuildFile; fileRef = 602A970627D6F16900034818 /* ContentView.swift */; };
		602A971827D6F16A00034818 /* ContentView.swift in Sources */ = {isa = PBXBuildFile; fileRef = 602A970627D6F16900034818 /* ContentView.swift */; };
		602A971927D6F16A00034818 /* Assets.xcassets in Resources */ = {isa = PBXBuildFile; fileRef = 602A970727D6F16A00034818 /* Assets.xcassets */; };
		602A971A27D6F16A00034818 /* Assets.xcassets in Resources */ = {isa = PBXBuildFile; fileRef = 602A970727D6F16A00034818 /* Assets.xcassets */; };
		602A972827D6F26C00034818 /* NetworkingManager.swift in Sources */ = {isa = PBXBuildFile; fileRef = 602A972727D6F26C00034818 /* NetworkingManager.swift */; };
		602A972927D6F26C00034818 /* NetworkingManager.swift in Sources */ = {isa = PBXBuildFile; fileRef = 602A972727D6F26C00034818 /* NetworkingManager.swift */; };
		602A976427DC466A00034818 /* PokemonService.swift in Sources */ = {isa = PBXBuildFile; fileRef = 602A976327DC466A00034818 /* PokemonService.swift */; };
		602A976C27DC4B6600034818 /* Species.swift in Sources */ = {isa = PBXBuildFile; fileRef = 602A976627DC4B6600034818 /* Species.swift */; };
		602A976D27DC4B6600034818 /* Pokemon.swift in Sources */ = {isa = PBXBuildFile; fileRef = 602A976727DC4B6600034818 /* Pokemon.swift */; };
		602A976E27DC4B6600034818 /* Utility.swift in Sources */ = {isa = PBXBuildFile; fileRef = 602A976827DC4B6600034818 /* Utility.swift */; };
		602A976F27DC4B6600034818 /* Evolution.swift in Sources */ = {isa = PBXBuildFile; fileRef = 602A976927DC4B6600034818 /* Evolution.swift */; };
		602A977027DC4B6600034818 /* Generation.swift in Sources */ = {isa = PBXBuildFile; fileRef = 602A976A27DC4B6600034818 /* Generation.swift */; };
		602A977127DC4B6600034818 /* PokemonType.swift in Sources */ = {isa = PBXBuildFile; fileRef = 602A976B27DC4B6600034818 /* PokemonType.swift */; };
		602A977427DC4F4E00034818 /* PokemonListViewModel.swift in Sources */ = {isa = PBXBuildFile; fileRef = 602A977327DC4F4E00034818 /* PokemonListViewModel.swift */; };
		6055073527E2CE8C001DC646 /* PreviewProvider.swift in Sources */ = {isa = PBXBuildFile; fileRef = 6055073427E2CE8C001DC646 /* PreviewProvider.swift */; };
		6055073727E2E636001DC646 /* String.swift in Sources */ = {isa = PBXBuildFile; fileRef = 6055073627E2E636001DC646 /* String.swift */; };
		60912E8927E40EDB00B6C7E6 /* SearchBarView.swift in Sources */ = {isa = PBXBuildFile; fileRef = 60912E8827E40EDB00B6C7E6 /* SearchBarView.swift */; };
		60912E8B27E428E000B6C7E6 /* UIApplication.swift in Sources */ = {isa = PBXBuildFile; fileRef = 60912E8A27E428E000B6C7E6 /* UIApplication.swift */; };
/* End PBXBuildFile section */

/* Begin PBXFileReference section */
		602966B027E01DF400DCCB25 /* PokemonRowView.swift */ = {isa = PBXFileReference; lastKnownFileType = sourcecode.swift; path = PokemonRowView.swift; sourceTree = "<group>"; };
		602966B327E14A0C00DCCB25 /* LocalImageFileManager.swift */ = {isa = PBXFileReference; lastKnownFileType = sourcecode.swift; path = LocalImageFileManager.swift; sourceTree = "<group>"; };
		602966B627E171B200DCCB25 /* PokemonImageViewModel.swift */ = {isa = PBXFileReference; lastKnownFileType = sourcecode.swift; path = PokemonImageViewModel.swift; sourceTree = "<group>"; };
		602966B827E17EE800DCCB25 /* PokemonImageView.swift */ = {isa = PBXFileReference; lastKnownFileType = sourcecode.swift; path = PokemonImageView.swift; sourceTree = "<group>"; };
		602966BA27E2C02C00DCCB25 /* PokemonListView.swift */ = {isa = PBXFileReference; lastKnownFileType = sourcecode.swift; path = PokemonListView.swift; sourceTree = "<group>"; };
		602A970527D6F16900034818 /* PokedexApp.swift */ = {isa = PBXFileReference; lastKnownFileType = sourcecode.swift; path = PokedexApp.swift; sourceTree = "<group>"; };
		602A970627D6F16900034818 /* ContentView.swift */ = {isa = PBXFileReference; lastKnownFileType = sourcecode.swift; path = ContentView.swift; sourceTree = "<group>"; };
		602A970727D6F16A00034818 /* Assets.xcassets */ = {isa = PBXFileReference; lastKnownFileType = folder.assetcatalog; path = Assets.xcassets; sourceTree = "<group>"; };
		602A970C27D6F16A00034818 /* Pokedex.app */ = {isa = PBXFileReference; explicitFileType = wrapper.application; includeInIndex = 0; path = Pokedex.app; sourceTree = BUILT_PRODUCTS_DIR; };
		602A971227D6F16A00034818 /* Pokedex.app */ = {isa = PBXFileReference; explicitFileType = wrapper.application; includeInIndex = 0; path = Pokedex.app; sourceTree = BUILT_PRODUCTS_DIR; };
		602A971427D6F16A00034818 /* macOS.entitlements */ = {isa = PBXFileReference; lastKnownFileType = text.plist.entitlements; path = macOS.entitlements; sourceTree = "<group>"; };
		602A972727D6F26C00034818 /* NetworkingManager.swift */ = {isa = PBXFileReference; fileEncoding = 4; lastKnownFileType = sourcecode.swift; path = NetworkingManager.swift; sourceTree = "<group>"; };
		602A976327DC466A00034818 /* PokemonService.swift */ = {isa = PBXFileReference; lastKnownFileType = sourcecode.swift; path = PokemonService.swift; sourceTree = "<group>"; };
		602A976627DC4B6600034818 /* Species.swift */ = {isa = PBXFileReference; fileEncoding = 4; lastKnownFileType = sourcecode.swift; path = Species.swift; sourceTree = "<group>"; };
		602A976727DC4B6600034818 /* Pokemon.swift */ = {isa = PBXFileReference; fileEncoding = 4; lastKnownFileType = sourcecode.swift; path = Pokemon.swift; sourceTree = "<group>"; };
		602A976827DC4B6600034818 /* Utility.swift */ = {isa = PBXFileReference; fileEncoding = 4; lastKnownFileType = sourcecode.swift; path = Utility.swift; sourceTree = "<group>"; };
		602A976927DC4B6600034818 /* Evolution.swift */ = {isa = PBXFileReference; fileEncoding = 4; lastKnownFileType = sourcecode.swift; path = Evolution.swift; sourceTree = "<group>"; };
		602A976A27DC4B6600034818 /* Generation.swift */ = {isa = PBXFileReference; fileEncoding = 4; lastKnownFileType = sourcecode.swift; path = Generation.swift; sourceTree = "<group>"; };
		602A976B27DC4B6600034818 /* PokemonType.swift */ = {isa = PBXFileReference; fileEncoding = 4; lastKnownFileType = sourcecode.swift; path = PokemonType.swift; sourceTree = "<group>"; };
		602A977327DC4F4E00034818 /* PokemonListViewModel.swift */ = {isa = PBXFileReference; lastKnownFileType = sourcecode.swift; path = PokemonListViewModel.swift; sourceTree = "<group>"; };
		6055073427E2CE8C001DC646 /* PreviewProvider.swift */ = {isa = PBXFileReference; lastKnownFileType = sourcecode.swift; path = PreviewProvider.swift; sourceTree = "<group>"; };
		6055073627E2E636001DC646 /* String.swift */ = {isa = PBXFileReference; lastKnownFileType = sourcecode.swift; path = String.swift; sourceTree = "<group>"; };
		60912E8827E40EDB00B6C7E6 /* SearchBarView.swift */ = {isa = PBXFileReference; lastKnownFileType = sourcecode.swift; path = SearchBarView.swift; sourceTree = "<group>"; };
		60912E8A27E428E000B6C7E6 /* UIApplication.swift */ = {isa = PBXFileReference; lastKnownFileType = sourcecode.swift; path = UIApplication.swift; sourceTree = "<group>"; };
/* End PBXFileReference section */

/* Begin PBXFrameworksBuildPhase section */
		602A970927D6F16A00034818 /* Frameworks */ = {
			isa = PBXFrameworksBuildPhase;
			buildActionMask = 2147483647;
			files = (
			);
			runOnlyForDeploymentPostprocessing = 0;
		};
		602A970F27D6F16A00034818 /* Frameworks */ = {
			isa = PBXFrameworksBuildPhase;
			buildActionMask = 2147483647;
			files = (
			);
			runOnlyForDeploymentPostprocessing = 0;
		};
/* End PBXFrameworksBuildPhase section */

/* Begin PBXGroup section */
		602966AF27E01DDF00DCCB25 /* List */ = {
			isa = PBXGroup;
			children = (
				602966B027E01DF400DCCB25 /* PokemonRowView.swift */,
				602966BA27E2C02C00DCCB25 /* PokemonListView.swift */,
				60912E8827E40EDB00B6C7E6 /* SearchBarView.swift */,
			);
			path = List;
			sourceTree = "<group>";
		};
		602966B227E149F700DCCB25 /* Utilities */ = {
			isa = PBXGroup;
			children = (
				602966B327E14A0C00DCCB25 /* LocalImageFileManager.swift */,
			);
			path = Utilities;
			sourceTree = "<group>";
		};
		602966B527E1719E00DCCB25 /* Image */ = {
			isa = PBXGroup;
			children = (
				602966B827E17EE800DCCB25 /* PokemonImageView.swift */,
			);
			path = Image;
			sourceTree = "<group>";
		};
		602A96FF27D6F16900034818 = {
			isa = PBXGroup;
			children = (
				602A970427D6F16900034818 /* Shared */,
				602A971327D6F16A00034818 /* macOS */,
				602A970D27D6F16A00034818 /* Products */,
			);
			sourceTree = "<group>";
		};
		602A970427D6F16900034818 /* Shared */ = {
			isa = PBXGroup;
			children = (
				6055073327E2CE7B001DC646 /* Extension */,
				602966B227E149F700DCCB25 /* Utilities */,
				602A977527DD513B00034818 /* View */,
				602A977227DC4F3F00034818 /* ViewModel */,
				602A976527DC4B4700034818 /* Model */,
				602A976227DC465C00034818 /* Service */,
				602A970527D6F16900034818 /* PokedexApp.swift */,
				602A970627D6F16900034818 /* ContentView.swift */,
				602A972627D6F24E00034818 /* Network */,
				602A970727D6F16A00034818 /* Assets.xcassets */,
			);
			path = Shared;
			sourceTree = "<group>";
		};
		602A970D27D6F16A00034818 /* Products */ = {
			isa = PBXGroup;
			children = (
				602A970C27D6F16A00034818 /* Pokedex.app */,
				602A971227D6F16A00034818 /* Pokedex.app */,
			);
			name = Products;
			sourceTree = "<group>";
		};
		602A971327D6F16A00034818 /* macOS */ = {
			isa = PBXGroup;
			children = (
				602A971427D6F16A00034818 /* macOS.entitlements */,
			);
			path = macOS;
			sourceTree = "<group>";
		};
		602A972627D6F24E00034818 /* Network */ = {
			isa = PBXGroup;
			children = (
				602A972727D6F26C00034818 /* NetworkingManager.swift */,
			);
			path = Network;
			sourceTree = "<group>";
		};
		602A976227DC465C00034818 /* Service */ = {
			isa = PBXGroup;
			children = (
				602A976327DC466A00034818 /* PokemonService.swift */,
			);
			path = Service;
			sourceTree = "<group>";
		};
		602A976527DC4B4700034818 /* Model */ = {
			isa = PBXGroup;
			children = (
				602A976927DC4B6600034818 /* Evolution.swift */,
				602A976A27DC4B6600034818 /* Generation.swift */,
				602A976727DC4B6600034818 /* Pokemon.swift */,
				602A976B27DC4B6600034818 /* PokemonType.swift */,
				602A976627DC4B6600034818 /* Species.swift */,
				602A976827DC4B6600034818 /* Utility.swift */,
			);
			path = Model;
			sourceTree = "<group>";
		};
		602A977227DC4F3F00034818 /* ViewModel */ = {
			isa = PBXGroup;
			children = (
				602A977327DC4F4E00034818 /* PokemonListViewModel.swift */,
				602966B627E171B200DCCB25 /* PokemonImageViewModel.swift */,
			);
			path = ViewModel;
			sourceTree = "<group>";
		};
		602A977527DD513B00034818 /* View */ = {
			isa = PBXGroup;
			children = (
				602966B527E1719E00DCCB25 /* Image */,
				602966AF27E01DDF00DCCB25 /* List */,
			);
			path = View;
			sourceTree = "<group>";
		};
		6055073327E2CE7B001DC646 /* Extension */ = {
			isa = PBXGroup;
			children = (
				6055073427E2CE8C001DC646 /* PreviewProvider.swift */,
				6055073627E2E636001DC646 /* String.swift */,
				60912E8A27E428E000B6C7E6 /* UIApplication.swift */,
			);
			path = Extension;
			sourceTree = "<group>";
		};
/* End PBXGroup section */

/* Begin PBXNativeTarget section */
		602A970B27D6F16A00034818 /* Pokedex (iOS) */ = {
			isa = PBXNativeTarget;
			buildConfigurationList = 602A971D27D6F16A00034818 /* Build configuration list for PBXNativeTarget "Pokedex (iOS)" */;
			buildPhases = (
				602A970827D6F16A00034818 /* Sources */,
				602A970927D6F16A00034818 /* Frameworks */,
				602A970A27D6F16A00034818 /* Resources */,
			);
			buildRules = (
			);
			dependencies = (
			);
			name = "Pokedex (iOS)";
			productName = "Pokedex (iOS)";
			productReference = 602A970C27D6F16A00034818 /* Pokedex.app */;
			productType = "com.apple.product-type.application";
		};
		602A971127D6F16A00034818 /* Pokedex (macOS) */ = {
			isa = PBXNativeTarget;
			buildConfigurationList = 602A972027D6F16A00034818 /* Build configuration list for PBXNativeTarget "Pokedex (macOS)" */;
			buildPhases = (
				602A970E27D6F16A00034818 /* Sources */,
				602A970F27D6F16A00034818 /* Frameworks */,
				602A971027D6F16A00034818 /* Resources */,
			);
			buildRules = (
			);
			dependencies = (
			);
			name = "Pokedex (macOS)";
			productName = "Pokedex (macOS)";
			productReference = 602A971227D6F16A00034818 /* Pokedex.app */;
			productType = "com.apple.product-type.application";
		};
/* End PBXNativeTarget section */

/* Begin PBXProject section */
		602A970027D6F16900034818 /* Project object */ = {
			isa = PBXProject;
			attributes = {
				BuildIndependentTargetsInParallel = 1;
				LastSwiftUpdateCheck = 1320;
				LastUpgradeCheck = 1320;
				TargetAttributes = {
					602A970B27D6F16A00034818 = {
						CreatedOnToolsVersion = 13.2.1;
					};
					602A971127D6F16A00034818 = {
						CreatedOnToolsVersion = 13.2.1;
					};
				};
			};
			buildConfigurationList = 602A970327D6F16900034818 /* Build configuration list for PBXProject "Pokedex" */;
			compatibilityVersion = "Xcode 13.0";
			developmentRegion = en;
			hasScannedForEncodings = 0;
			knownRegions = (
				en,
				Base,
			);
			mainGroup = 602A96FF27D6F16900034818;
			productRefGroup = 602A970D27D6F16A00034818 /* Products */;
			projectDirPath = "";
			projectRoot = "";
			targets = (
				602A970B27D6F16A00034818 /* Pokedex (iOS) */,
				602A971127D6F16A00034818 /* Pokedex (macOS) */,
			);
		};
/* End PBXProject section */

/* Begin PBXResourcesBuildPhase section */
		602A970A27D6F16A00034818 /* Resources */ = {
			isa = PBXResourcesBuildPhase;
			buildActionMask = 2147483647;
			files = (
				602A971927D6F16A00034818 /* Assets.xcassets in Resources */,
			);
			runOnlyForDeploymentPostprocessing = 0;
		};
		602A971027D6F16A00034818 /* Resources */ = {
			isa = PBXResourcesBuildPhase;
			buildActionMask = 2147483647;
			files = (
				602A971A27D6F16A00034818 /* Assets.xcassets in Resources */,
			);
			runOnlyForDeploymentPostprocessing = 0;
		};
/* End PBXResourcesBuildPhase section */

/* Begin PBXSourcesBuildPhase section */
		602A970827D6F16A00034818 /* Sources */ = {
			isa = PBXSourcesBuildPhase;
			buildActionMask = 2147483647;
			files = (
				602966BB27E2C02C00DCCB25 /* PokemonListView.swift in Sources */,
				602A976E27DC4B6600034818 /* Utility.swift in Sources */,
				602A972827D6F26C00034818 /* NetworkingManager.swift in Sources */,
				602A976427DC466A00034818 /* PokemonService.swift in Sources */,
				602A971727D6F16A00034818 /* ContentView.swift in Sources */,
				602A976C27DC4B6600034818 /* Species.swift in Sources */,
				602A971527D6F16A00034818 /* PokedexApp.swift in Sources */,
				602966B727E171B200DCCB25 /* PokemonImageViewModel.swift in Sources */,
				60912E8B27E428E000B6C7E6 /* UIApplication.swift in Sources */,
				602966B927E17EE800DCCB25 /* PokemonImageView.swift in Sources */,
				602A976D27DC4B6600034818 /* Pokemon.swift in Sources */,
				6055073527E2CE8C001DC646 /* PreviewProvider.swift in Sources */,
				602A977127DC4B6600034818 /* PokemonType.swift in Sources */,
				60912E8927E40EDB00B6C7E6 /* SearchBarView.swift in Sources */,
				6055073727E2E636001DC646 /* String.swift in Sources */,
				602966B127E01DF400DCCB25 /* PokemonRowView.swift in Sources */,
				602A977427DC4F4E00034818 /* PokemonListViewModel.swift in Sources */,
				602A977027DC4B6600034818 /* Generation.swift in Sources */,
				602A976F27DC4B6600034818 /* Evolution.swift in Sources */,
				602966B427E14A0C00DCCB25 /* LocalImageFileManager.swift in Sources */,
			);
			runOnlyForDeploymentPostprocessing = 0;
		};
		602A970E27D6F16A00034818 /* Sources */ = {
			isa = PBXSourcesBuildPhase;
			buildActionMask = 2147483647;
			files = (
				602A972927D6F26C00034818 /* NetworkingManager.swift in Sources */,
				602A971827D6F16A00034818 /* ContentView.swift in Sources */,
				602A971627D6F16A00034818 /* PokedexApp.swift in Sources */,
			);
			runOnlyForDeploymentPostprocessing = 0;
		};
/* End PBXSourcesBuildPhase section */

/* Begin XCBuildConfiguration section */
		602A971B27D6F16A00034818 /* Debug */ = {
			isa = XCBuildConfiguration;
			buildSettings = {
				ALWAYS_SEARCH_USER_PATHS = NO;
				CLANG_ANALYZER_NONNULL = YES;
				CLANG_ANALYZER_NUMBER_OBJECT_CONVERSION = YES_AGGRESSIVE;
				CLANG_CXX_LANGUAGE_STANDARD = "gnu++17";
				CLANG_CXX_LIBRARY = "libc++";
				CLANG_ENABLE_MODULES = YES;
				CLANG_ENABLE_OBJC_ARC = YES;
				CLANG_ENABLE_OBJC_WEAK = YES;
				CLANG_WARN_BLOCK_CAPTURE_AUTORELEASING = YES;
				CLANG_WARN_BOOL_CONVERSION = YES;
				CLANG_WARN_COMMA = YES;
				CLANG_WARN_CONSTANT_CONVERSION = YES;
				CLANG_WARN_DEPRECATED_OBJC_IMPLEMENTATIONS = YES;
				CLANG_WARN_DIRECT_OBJC_ISA_USAGE = YES_ERROR;
				CLANG_WARN_DOCUMENTATION_COMMENTS = YES;
				CLANG_WARN_EMPTY_BODY = YES;
				CLANG_WARN_ENUM_CONVERSION = YES;
				CLANG_WARN_INFINITE_RECURSION = YES;
				CLANG_WARN_INT_CONVERSION = YES;
				CLANG_WARN_NON_LITERAL_NULL_CONVERSION = YES;
				CLANG_WARN_OBJC_IMPLICIT_RETAIN_SELF = YES;
				CLANG_WARN_OBJC_LITERAL_CONVERSION = YES;
				CLANG_WARN_OBJC_ROOT_CLASS = YES_ERROR;
				CLANG_WARN_QUOTED_INCLUDE_IN_FRAMEWORK_HEADER = YES;
				CLANG_WARN_RANGE_LOOP_ANALYSIS = YES;
				CLANG_WARN_STRICT_PROTOTYPES = YES;
				CLANG_WARN_SUSPICIOUS_MOVE = YES;
				CLANG_WARN_UNGUARDED_AVAILABILITY = YES_AGGRESSIVE;
				CLANG_WARN_UNREACHABLE_CODE = YES;
				CLANG_WARN__DUPLICATE_METHOD_MATCH = YES;
				COPY_PHASE_STRIP = NO;
				DEBUG_INFORMATION_FORMAT = dwarf;
				ENABLE_STRICT_OBJC_MSGSEND = YES;
				ENABLE_TESTABILITY = YES;
				GCC_C_LANGUAGE_STANDARD = gnu11;
				GCC_DYNAMIC_NO_PIC = NO;
				GCC_NO_COMMON_BLOCKS = YES;
				GCC_OPTIMIZATION_LEVEL = 0;
				GCC_PREPROCESSOR_DEFINITIONS = (
					"DEBUG=1",
					"$(inherited)",
				);
				GCC_WARN_64_TO_32_BIT_CONVERSION = YES;
				GCC_WARN_ABOUT_RETURN_TYPE = YES_ERROR;
				GCC_WARN_UNDECLARED_SELECTOR = YES;
				GCC_WARN_UNINITIALIZED_AUTOS = YES_AGGRESSIVE;
				GCC_WARN_UNUSED_FUNCTION = YES;
				GCC_WARN_UNUSED_VARIABLE = YES;
				MTL_ENABLE_DEBUG_INFO = INCLUDE_SOURCE;
				MTL_FAST_MATH = YES;
				ONLY_ACTIVE_ARCH = YES;
				SWIFT_ACTIVE_COMPILATION_CONDITIONS = DEBUG;
				SWIFT_OPTIMIZATION_LEVEL = "-Onone";
			};
			name = Debug;
		};
		602A971C27D6F16A00034818 /* Release */ = {
			isa = XCBuildConfiguration;
			buildSettings = {
				ALWAYS_SEARCH_USER_PATHS = NO;
				CLANG_ANALYZER_NONNULL = YES;
				CLANG_ANALYZER_NUMBER_OBJECT_CONVERSION = YES_AGGRESSIVE;
				CLANG_CXX_LANGUAGE_STANDARD = "gnu++17";
				CLANG_CXX_LIBRARY = "libc++";
				CLANG_ENABLE_MODULES = YES;
				CLANG_ENABLE_OBJC_ARC = YES;
				CLANG_ENABLE_OBJC_WEAK = YES;
				CLANG_WARN_BLOCK_CAPTURE_AUTORELEASING = YES;
				CLANG_WARN_BOOL_CONVERSION = YES;
				CLANG_WARN_COMMA = YES;
				CLANG_WARN_CONSTANT_CONVERSION = YES;
				CLANG_WARN_DEPRECATED_OBJC_IMPLEMENTATIONS = YES;
				CLANG_WARN_DIRECT_OBJC_ISA_USAGE = YES_ERROR;
				CLANG_WARN_DOCUMENTATION_COMMENTS = YES;
				CLANG_WARN_EMPTY_BODY = YES;
				CLANG_WARN_ENUM_CONVERSION = YES;
				CLANG_WARN_INFINITE_RECURSION = YES;
				CLANG_WARN_INT_CONVERSION = YES;
				CLANG_WARN_NON_LITERAL_NULL_CONVERSION = YES;
				CLANG_WARN_OBJC_IMPLICIT_RETAIN_SELF = YES;
				CLANG_WARN_OBJC_LITERAL_CONVERSION = YES;
				CLANG_WARN_OBJC_ROOT_CLASS = YES_ERROR;
				CLANG_WARN_QUOTED_INCLUDE_IN_FRAMEWORK_HEADER = YES;
				CLANG_WARN_RANGE_LOOP_ANALYSIS = YES;
				CLANG_WARN_STRICT_PROTOTYPES = YES;
				CLANG_WARN_SUSPICIOUS_MOVE = YES;
				CLANG_WARN_UNGUARDED_AVAILABILITY = YES_AGGRESSIVE;
				CLANG_WARN_UNREACHABLE_CODE = YES;
				CLANG_WARN__DUPLICATE_METHOD_MATCH = YES;
				COPY_PHASE_STRIP = NO;
				DEBUG_INFORMATION_FORMAT = "dwarf-with-dsym";
				ENABLE_NS_ASSERTIONS = NO;
				ENABLE_STRICT_OBJC_MSGSEND = YES;
				GCC_C_LANGUAGE_STANDARD = gnu11;
				GCC_NO_COMMON_BLOCKS = YES;
				GCC_WARN_64_TO_32_BIT_CONVERSION = YES;
				GCC_WARN_ABOUT_RETURN_TYPE = YES_ERROR;
				GCC_WARN_UNDECLARED_SELECTOR = YES;
				GCC_WARN_UNINITIALIZED_AUTOS = YES_AGGRESSIVE;
				GCC_WARN_UNUSED_FUNCTION = YES;
				GCC_WARN_UNUSED_VARIABLE = YES;
				MTL_ENABLE_DEBUG_INFO = NO;
				MTL_FAST_MATH = YES;
				SWIFT_COMPILATION_MODE = wholemodule;
				SWIFT_OPTIMIZATION_LEVEL = "-O";
			};
			name = Release;
		};
		602A971E27D6F16A00034818 /* Debug */ = {
			isa = XCBuildConfiguration;
			buildSettings = {
				ASSETCATALOG_COMPILER_APPICON_NAME = AppIcon;
				ASSETCATALOG_COMPILER_GLOBAL_ACCENT_COLOR_NAME = AccentColor;
				CODE_SIGN_STYLE = Automatic;
				CURRENT_PROJECT_VERSION = 1;
				DEVELOPMENT_TEAM = 33AWYLTSUQ;
				ENABLE_PREVIEWS = YES;
				GENERATE_INFOPLIST_FILE = YES;
				INFOPLIST_KEY_UIApplicationSceneManifest_Generation = YES;
				INFOPLIST_KEY_UIApplicationSupportsIndirectInputEvents = YES;
				INFOPLIST_KEY_UILaunchScreen_Generation = YES;
				INFOPLIST_KEY_UISupportedInterfaceOrientations_iPad = "UIInterfaceOrientationPortrait UIInterfaceOrientationPortraitUpsideDown UIInterfaceOrientationLandscapeLeft UIInterfaceOrientationLandscapeRight";
				INFOPLIST_KEY_UISupportedInterfaceOrientations_iPhone = "UIInterfaceOrientationPortrait UIInterfaceOrientationLandscapeLeft UIInterfaceOrientationLandscapeRight";
				IPHONEOS_DEPLOYMENT_TARGET = 15.2;
				LD_RUNPATH_SEARCH_PATHS = (
					"$(inherited)",
					"@executable_path/Frameworks",
				);
				MARKETING_VERSION = 1.0;
				PRODUCT_BUNDLE_IDENTIFIER = com.Galarza.Pokedex;
				PRODUCT_NAME = Pokedex;
				SDKROOT = iphoneos;
				SWIFT_EMIT_LOC_STRINGS = YES;
				SWIFT_VERSION = 5.0;
				TARGETED_DEVICE_FAMILY = "1,2";
			};
			name = Debug;
		};
		602A971F27D6F16A00034818 /* Release */ = {
			isa = XCBuildConfiguration;
			buildSettings = {
				ASSETCATALOG_COMPILER_APPICON_NAME = AppIcon;
				ASSETCATALOG_COMPILER_GLOBAL_ACCENT_COLOR_NAME = AccentColor;
				CODE_SIGN_STYLE = Automatic;
				CURRENT_PROJECT_VERSION = 1;
				DEVELOPMENT_TEAM = 33AWYLTSUQ;
				ENABLE_PREVIEWS = YES;
				GENERATE_INFOPLIST_FILE = YES;
				INFOPLIST_KEY_UIApplicationSceneManifest_Generation = YES;
				INFOPLIST_KEY_UIApplicationSupportsIndirectInputEvents = YES;
				INFOPLIST_KEY_UILaunchScreen_Generation = YES;
				INFOPLIST_KEY_UISupportedInterfaceOrientations_iPad = "UIInterfaceOrientationPortrait UIInterfaceOrientationPortraitUpsideDown UIInterfaceOrientationLandscapeLeft UIInterfaceOrientationLandscapeRight";
				INFOPLIST_KEY_UISupportedInterfaceOrientations_iPhone = "UIInterfaceOrientationPortrait UIInterfaceOrientationLandscapeLeft UIInterfaceOrientationLandscapeRight";
				IPHONEOS_DEPLOYMENT_TARGET = 15.2;
				LD_RUNPATH_SEARCH_PATHS = (
					"$(inherited)",
					"@executable_path/Frameworks",
				);
				MARKETING_VERSION = 1.0;
				PRODUCT_BUNDLE_IDENTIFIER = com.Galarza.Pokedex;
				PRODUCT_NAME = Pokedex;
				SDKROOT = iphoneos;
				SWIFT_EMIT_LOC_STRINGS = YES;
				SWIFT_VERSION = 5.0;
				TARGETED_DEVICE_FAMILY = "1,2";
				VALIDATE_PRODUCT = YES;
			};
			name = Release;
		};
		602A972127D6F16A00034818 /* Debug */ = {
			isa = XCBuildConfiguration;
			buildSettings = {
				ASSETCATALOG_COMPILER_APPICON_NAME = AppIcon;
				ASSETCATALOG_COMPILER_GLOBAL_ACCENT_COLOR_NAME = AccentColor;
				CODE_SIGN_ENTITLEMENTS = macOS/macOS.entitlements;
				CODE_SIGN_STYLE = Automatic;
				COMBINE_HIDPI_IMAGES = YES;
				CURRENT_PROJECT_VERSION = 1;
				DEVELOPMENT_TEAM = 33AWYLTSUQ;
				ENABLE_HARDENED_RUNTIME = YES;
				ENABLE_PREVIEWS = YES;
				GENERATE_INFOPLIST_FILE = YES;
				INFOPLIST_KEY_NSHumanReadableCopyright = "";
				LD_RUNPATH_SEARCH_PATHS = (
					"$(inherited)",
					"@executable_path/../Frameworks",
				);
				MACOSX_DEPLOYMENT_TARGET = 12.1;
				MARKETING_VERSION = 1.0;
				PRODUCT_BUNDLE_IDENTIFIER = com.Galarza.Pokedex;
				PRODUCT_NAME = Pokedex;
				SDKROOT = macosx;
				SWIFT_EMIT_LOC_STRINGS = YES;
				SWIFT_VERSION = 5.0;
			};
			name = Debug;
		};
		602A972227D6F16A00034818 /* Release */ = {
			isa = XCBuildConfiguration;
			buildSettings = {
				ASSETCATALOG_COMPILER_APPICON_NAME = AppIcon;
				ASSETCATALOG_COMPILER_GLOBAL_ACCENT_COLOR_NAME = AccentColor;
				CODE_SIGN_ENTITLEMENTS = macOS/macOS.entitlements;
				CODE_SIGN_STYLE = Automatic;
				COMBINE_HIDPI_IMAGES = YES;
				CURRENT_PROJECT_VERSION = 1;
				DEVELOPMENT_TEAM = 33AWYLTSUQ;
				ENABLE_HARDENED_RUNTIME = YES;
				ENABLE_PREVIEWS = YES;
				GENERATE_INFOPLIST_FILE = YES;
				INFOPLIST_KEY_NSHumanReadableCopyright = "";
				LD_RUNPATH_SEARCH_PATHS = (
					"$(inherited)",
					"@executable_path/../Frameworks",
				);
				MACOSX_DEPLOYMENT_TARGET = 12.1;
				MARKETING_VERSION = 1.0;
				PRODUCT_BUNDLE_IDENTIFIER = com.Galarza.Pokedex;
				PRODUCT_NAME = Pokedex;
				SDKROOT = macosx;
				SWIFT_EMIT_LOC_STRINGS = YES;
				SWIFT_VERSION = 5.0;
			};
			name = Release;
		};
/* End XCBuildConfiguration section */

/* Begin XCConfigurationList section */
		602A970327D6F16900034818 /* Build configuration list for PBXProject "Pokedex" */ = {
			isa = XCConfigurationList;
			buildConfigurations = (
				602A971B27D6F16A00034818 /* Debug */,
				602A971C27D6F16A00034818 /* Release */,
			);
			defaultConfigurationIsVisible = 0;
			defaultConfigurationName = Release;
		};
		602A971D27D6F16A00034818 /* Build configuration list for PBXNativeTarget "Pokedex (iOS)" */ = {
			isa = XCConfigurationList;
			buildConfigurations = (
				602A971E27D6F16A00034818 /* Debug */,
				602A971F27D6F16A00034818 /* Release */,
			);
			defaultConfigurationIsVisible = 0;
			defaultConfigurationName = Release;
		};
		602A972027D6F16A00034818 /* Build configuration list for PBXNativeTarget "Pokedex (macOS)" */ = {
			isa = XCConfigurationList;
			buildConfigurations = (
				602A972127D6F16A00034818 /* Debug */,
				602A972227D6F16A00034818 /* Release */,
			);
			defaultConfigurationIsVisible = 0;
			defaultConfigurationName = Release;
		};
/* End XCConfigurationList section */
	};
	rootObject = 602A970027D6F16900034818 /* Project object */;
}
